
Microsoft Visual Studio Solution File, Format Version 12.00
# Visual Studio Version 16
VisualStudioVersion = 16.0.29123.89
MinimumVisualStudioVersion = 10.0.40219.1
Project("{D954291E-2A0B-460D-934E-DC6B0785DB48}") = "DCSample.Shared", "DCSample\DCSample.Shared\DCSample.Shared.shproj", "{6279C845-92F8-4333-AB99-3D213163593C}"
EndProject
Project("{FAE04EC0-301F-11D3-BF4B-00C04F79EFBC}") = "DCSample.Droid", "DCSample\DCSample.Droid\DCSample.Droid.csproj", "{BA70F932-1A92-477B-9ED5-063669E8F24D}"
EndProject
Project("{FAE04EC0-301F-11D3-BF4B-00C04F79EFBC}") = "DCSample.iOS", "DCSample\DCSample.iOS\DCSample.iOS.csproj", "{1F8DAD5A-B33D-4A95-B2AC-32BBCBBB0C24}"
EndProject
Project("{FAE04EC0-301F-11D3-BF4B-00C04F79EFBC}") = "DCSample.UWP", "DCSample\DCSample.UWP\DCSample.UWP.csproj", "{B6808A28-A28F-4C04-9C4B-CACC6C67A223}"
EndProject
Project("{9A19103F-16F7-4668-BE54-9A1E7A4F7556}") = "DCSample.Wasm", "DCSample\DCSample.Wasm\DCSample.Wasm.csproj", "{02F5F58A-A31E-4B5E-A491-6BE2E4F2F03F}"
EndProject
Global
	GlobalSection(SharedMSBuildProjectFiles) = preSolution
		DCSample\DCSample.Shared\DCSample.Shared.projitems*{1f8dad5a-b33d-4a95-b2ac-32bbcbbb0c24}*SharedItemsImports = 4
		DCSample\DCSample.Shared\DCSample.Shared.projitems*{6279c845-92f8-4333-ab99-3d213163593c}*SharedItemsImports = 13
		DCSample\DCSample.Shared\DCSample.Shared.projitems*{b6808a28-a28f-4c04-9c4b-cacc6c67a223}*SharedItemsImports = 4
		DCSample\DCSample.Shared\DCSample.Shared.projitems*{ba70f932-1a92-477b-9ed5-063669e8f24d}*SharedItemsImports = 4
	EndGlobalSection
	GlobalSection(SolutionConfigurationPlatforms) = preSolution
		Ad-Hoc|Any CPU = Ad-Hoc|Any CPU
		Ad-Hoc|ARM = Ad-Hoc|ARM
		Ad-Hoc|iPhone = Ad-Hoc|iPhone
		Ad-Hoc|iPhoneSimulator = Ad-Hoc|iPhoneSimulator
		Ad-Hoc|x64 = Ad-Hoc|x64
		Ad-Hoc|x86 = Ad-Hoc|x86
		AppStore|Any CPU = AppStore|Any CPU
		AppStore|ARM = AppStore|ARM
		AppStore|iPhone = AppStore|iPhone
		AppStore|iPhoneSimulator = AppStore|iPhoneSimulator
		AppStore|x64 = AppStore|x64
		AppStore|x86 = AppStore|x86
		Debug|Any CPU = Debug|Any CPU
		Debug|ARM = Debug|ARM
		Debug|iPhone = Debug|iPhone
		Debug|iPhoneSimulator = Debug|iPhoneSimulator
		Debug|x64 = Debug|x64
		Debug|x86 = Debug|x86
		Release|Any CPU = Release|Any CPU
		Release|ARM = Release|ARM
		Release|iPhone = Release|iPhone
		Release|iPhoneSimulator = Release|iPhoneSimulator
		Release|x64 = Release|x64
		Release|x86 = Release|x86
	EndGlobalSection
	GlobalSection(ProjectConfigurationPlatforms) = postSolution
		{BA70F932-1A92-477B-9ED5-063669E8F24D}.Ad-Hoc|Any CPU.ActiveCfg = Release|Any CPU
		{BA70F932-1A92-477B-9ED5-063669E8F24D}.Ad-Hoc|Any CPU.Build.0 = Release|Any CPU
		{BA70F932-1A92-477B-9ED5-063669E8F24D}.Ad-Hoc|Any CPU.Deploy.0 = Release|Any CPU
		{BA70F932-1A92-477B-9ED5-063669E8F24D}.Ad-Hoc|ARM.ActiveCfg = Release|Any CPU
		{BA70F932-1A92-477B-9ED5-063669E8F24D}.Ad-Hoc|ARM.Build.0 = Release|Any CPU
		{BA70F932-1A92-477B-9ED5-063669E8F24D}.Ad-Hoc|ARM.Deploy.0 = Release|Any CPU
		{BA70F932-1A92-477B-9ED5-063669E8F24D}.Ad-Hoc|iPhone.ActiveCfg = Release|Any CPU
		{BA70F932-1A92-477B-9ED5-063669E8F24D}.Ad-Hoc|iPhone.Build.0 = Release|Any CPU
		{BA70F932-1A92-477B-9ED5-063669E8F24D}.Ad-Hoc|iPhone.Deploy.0 = Release|Any CPU
		{BA70F932-1A92-477B-9ED5-063669E8F24D}.Ad-Hoc|iPhoneSimulator.ActiveCfg = Release|Any CPU
		{BA70F932-1A92-477B-9ED5-063669E8F24D}.Ad-Hoc|iPhoneSimulator.Build.0 = Release|Any CPU
		{BA70F932-1A92-477B-9ED5-063669E8F24D}.Ad-Hoc|iPhoneSimulator.Deploy.0 = Release|Any CPU
		{BA70F932-1A92-477B-9ED5-063669E8F24D}.Ad-Hoc|x64.ActiveCfg = Release|Any CPU
		{BA70F932-1A92-477B-9ED5-063669E8F24D}.Ad-Hoc|x64.Build.0 = Release|Any CPU
		{BA70F932-1A92-477B-9ED5-063669E8F24D}.Ad-Hoc|x64.Deploy.0 = Release|Any CPU
		{BA70F932-1A92-477B-9ED5-063669E8F24D}.Ad-Hoc|x86.ActiveCfg = Release|Any CPU
		{BA70F932-1A92-477B-9ED5-063669E8F24D}.Ad-Hoc|x86.Build.0 = Release|Any CPU
		{BA70F932-1A92-477B-9ED5-063669E8F24D}.Ad-Hoc|x86.Deploy.0 = Release|Any CPU
		{BA70F932-1A92-477B-9ED5-063669E8F24D}.AppStore|Any CPU.ActiveCfg = Release|Any CPU
		{BA70F932-1A92-477B-9ED5-063669E8F24D}.AppStore|Any CPU.Build.0 = Release|Any CPU
		{BA70F932-1A92-477B-9ED5-063669E8F24D}.AppStore|Any CPU.Deploy.0 = Release|Any CPU
		{BA70F932-1A92-477B-9ED5-063669E8F24D}.AppStore|ARM.ActiveCfg = Release|Any CPU
		{BA70F932-1A92-477B-9ED5-063669E8F24D}.AppStore|ARM.Build.0 = Release|Any CPU
		{BA70F932-1A92-477B-9ED5-063669E8F24D}.AppStore|ARM.Deploy.0 = Release|Any CPU
		{BA70F932-1A92-477B-9ED5-063669E8F24D}.AppStore|iPhone.ActiveCfg = Release|Any CPU
		{BA70F932-1A92-477B-9ED5-063669E8F24D}.AppStore|iPhone.Build.0 = Release|Any CPU
		{BA70F932-1A92-477B-9ED5-063669E8F24D}.AppStore|iPhone.Deploy.0 = Release|Any CPU
		{BA70F932-1A92-477B-9ED5-063669E8F24D}.AppStore|iPhoneSimulator.ActiveCfg = Release|Any CPU
		{BA70F932-1A92-477B-9ED5-063669E8F24D}.AppStore|iPhoneSimulator.Build.0 = Release|Any CPU
		{BA70F932-1A92-477B-9ED5-063669E8F24D}.AppStore|iPhoneSimulator.Deploy.0 = Release|Any CPU
		{BA70F932-1A92-477B-9ED5-063669E8F24D}.AppStore|x64.ActiveCfg = Release|Any CPU
		{BA70F932-1A92-477B-9ED5-063669E8F24D}.AppStore|x64.Build.0 = Release|Any CPU
		{BA70F932-1A92-477B-9ED5-063669E8F24D}.AppStore|x64.Deploy.0 = Release|Any CPU
		{BA70F932-1A92-477B-9ED5-063669E8F24D}.AppStore|x86.ActiveCfg = Release|Any CPU
		{BA70F932-1A92-477B-9ED5-063669E8F24D}.AppStore|x86.Build.0 = Release|Any CPU
		{BA70F932-1A92-477B-9ED5-063669E8F24D}.AppStore|x86.Deploy.0 = Release|Any CPU
		{BA70F932-1A92-477B-9ED5-063669E8F24D}.Debug|Any CPU.ActiveCfg = Debug|Any CPU
		{BA70F932-1A92-477B-9ED5-063669E8F24D}.Debug|Any CPU.Build.0 = Debug|Any CPU
		{BA70F932-1A92-477B-9ED5-063669E8F24D}.Debug|Any CPU.Deploy.0 = Debug|Any CPU
		{BA70F932-1A92-477B-9ED5-063669E8F24D}.Debug|ARM.ActiveCfg = Debug|Any CPU
		{BA70F932-1A92-477B-9ED5-063669E8F24D}.Debug|ARM.Build.0 = Debug|Any CPU
		{BA70F932-1A92-477B-9ED5-063669E8F24D}.Debug|ARM.Deploy.0 = Debug|Any CPU
		{BA70F932-1A92-477B-9ED5-063669E8F24D}.Debug|iPhone.ActiveCfg = Debug|Any CPU
		{BA70F932-1A92-477B-9ED5-063669E8F24D}.Debug|iPhone.Build.0 = Debug|Any CPU
		{BA70F932-1A92-477B-9ED5-063669E8F24D}.Debug|iPhone.Deploy.0 = Debug|Any CPU
		{BA70F932-1A92-477B-9ED5-063669E8F24D}.Debug|iPhoneSimulator.ActiveCfg = Debug|Any CPU
		{BA70F932-1A92-477B-9ED5-063669E8F24D}.Debug|iPhoneSimulator.Build.0 = Debug|Any CPU
		{BA70F932-1A92-477B-9ED5-063669E8F24D}.Debug|iPhoneSimulator.Deploy.0 = Debug|Any CPU
		{BA70F932-1A92-477B-9ED5-063669E8F24D}.Debug|x64.ActiveCfg = Debug|Any CPU
		{BA70F932-1A92-477B-9ED5-063669E8F24D}.Debug|x64.Build.0 = Debug|Any CPU
		{BA70F932-1A92-477B-9ED5-063669E8F24D}.Debug|x64.Deploy.0 = Debug|Any CPU
		{BA70F932-1A92-477B-9ED5-063669E8F24D}.Debug|x86.ActiveCfg = Debug|Any CPU
		{BA70F932-1A92-477B-9ED5-063669E8F24D}.Debug|x86.Build.0 = Debug|Any CPU
		{BA70F932-1A92-477B-9ED5-063669E8F24D}.Debug|x86.Deploy.0 = Debug|Any CPU
		{BA70F932-1A92-477B-9ED5-063669E8F24D}.Release|Any CPU.ActiveCfg = Release|Any CPU
		{BA70F932-1A92-477B-9ED5-063669E8F24D}.Release|Any CPU.Build.0 = Release|Any CPU
		{BA70F932-1A92-477B-9ED5-063669E8F24D}.Release|Any CPU.Deploy.0 = Release|Any CPU
		{BA70F932-1A92-477B-9ED5-063669E8F24D}.Release|ARM.ActiveCfg = Release|Any CPU
		{BA70F932-1A92-477B-9ED5-063669E8F24D}.Release|ARM.Build.0 = Release|Any CPU
		{BA70F932-1A92-477B-9ED5-063669E8F24D}.Release|ARM.Deploy.0 = Release|Any CPU
		{BA70F932-1A92-477B-9ED5-063669E8F24D}.Release|iPhone.ActiveCfg = Release|Any CPU
		{BA70F932-1A92-477B-9ED5-063669E8F24D}.Release|iPhone.Build.0 = Release|Any CPU
		{BA70F932-1A92-477B-9ED5-063669E8F24D}.Release|iPhone.Deploy.0 = Release|Any CPU
		{BA70F932-1A92-477B-9ED5-063669E8F24D}.Release|iPhoneSimulator.ActiveCfg = Release|Any CPU
		{BA70F932-1A92-477B-9ED5-063669E8F24D}.Release|iPhoneSimulator.Build.0 = Release|Any CPU
		{BA70F932-1A92-477B-9ED5-063669E8F24D}.Release|iPhoneSimulator.Deploy.0 = Release|Any CPU
		{BA70F932-1A92-477B-9ED5-063669E8F24D}.Release|x64.ActiveCfg = Release|Any CPU
		{BA70F932-1A92-477B-9ED5-063669E8F24D}.Release|x64.Build.0 = Release|Any CPU
		{BA70F932-1A92-477B-9ED5-063669E8F24D}.Release|x64.Deploy.0 = Release|Any CPU
		{BA70F932-1A92-477B-9ED5-063669E8F24D}.Release|x86.ActiveCfg = Release|Any CPU
		{BA70F932-1A92-477B-9ED5-063669E8F24D}.Release|x86.Build.0 = Release|Any CPU
		{BA70F932-1A92-477B-9ED5-063669E8F24D}.Release|x86.Deploy.0 = Release|Any CPU
		{1F8DAD5A-B33D-4A95-B2AC-32BBCBBB0C24}.Ad-Hoc|Any CPU.ActiveCfg = Ad-Hoc|iPhone
		{1F8DAD5A-B33D-4A95-B2AC-32BBCBBB0C24}.Ad-Hoc|ARM.ActiveCfg = Ad-Hoc|iPhone
		{1F8DAD5A-B33D-4A95-B2AC-32BBCBBB0C24}.Ad-Hoc|iPhone.ActiveCfg = Ad-Hoc|iPhone
		{1F8DAD5A-B33D-4A95-B2AC-32BBCBBB0C24}.Ad-Hoc|iPhone.Build.0 = Ad-Hoc|iPhone
		{1F8DAD5A-B33D-4A95-B2AC-32BBCBBB0C24}.Ad-Hoc|iPhoneSimulator.ActiveCfg = Ad-Hoc|iPhoneSimulator
		{1F8DAD5A-B33D-4A95-B2AC-32BBCBBB0C24}.Ad-Hoc|iPhoneSimulator.Build.0 = Ad-Hoc|iPhoneSimulator
		{1F8DAD5A-B33D-4A95-B2AC-32BBCBBB0C24}.Ad-Hoc|x64.ActiveCfg = Ad-Hoc|iPhone
		{1F8DAD5A-B33D-4A95-B2AC-32BBCBBB0C24}.Ad-Hoc|x86.ActiveCfg = Ad-Hoc|iPhone
		{1F8DAD5A-B33D-4A95-B2AC-32BBCBBB0C24}.AppStore|Any CPU.ActiveCfg = AppStore|iPhone
		{1F8DAD5A-B33D-4A95-B2AC-32BBCBBB0C24}.AppStore|ARM.ActiveCfg = AppStore|iPhone
		{1F8DAD5A-B33D-4A95-B2AC-32BBCBBB0C24}.AppStore|iPhone.ActiveCfg = AppStore|iPhone
		{1F8DAD5A-B33D-4A95-B2AC-32BBCBBB0C24}.AppStore|iPhone.Build.0 = AppStore|iPhone
		{1F8DAD5A-B33D-4A95-B2AC-32BBCBBB0C24}.AppStore|iPhoneSimulator.ActiveCfg = AppStore|iPhoneSimulator
		{1F8DAD5A-B33D-4A95-B2AC-32BBCBBB0C24}.AppStore|iPhoneSimulator.Build.0 = AppStore|iPhoneSimulator
		{1F8DAD5A-B33D-4A95-B2AC-32BBCBBB0C24}.AppStore|x64.ActiveCfg = AppStore|iPhone
		{1F8DAD5A-B33D-4A95-B2AC-32BBCBBB0C24}.AppStore|x86.ActiveCfg = AppStore|iPhone
		{1F8DAD5A-B33D-4A95-B2AC-32BBCBBB0C24}.Debug|Any CPU.ActiveCfg = Debug|iPhone
		{1F8DAD5A-B33D-4A95-B2AC-32BBCBBB0C24}.Debug|ARM.ActiveCfg = Debug|iPhone
		{1F8DAD5A-B33D-4A95-B2AC-32BBCBBB0C24}.Debug|iPhone.ActiveCfg = Debug|iPhone
		{1F8DAD5A-B33D-4A95-B2AC-32BBCBBB0C24}.Debug|iPhone.Build.0 = Debug|iPhone
		{1F8DAD5A-B33D-4A95-B2AC-32BBCBBB0C24}.Debug|iPhoneSimulator.ActiveCfg = Debug|iPhoneSimulator
		{1F8DAD5A-B33D-4A95-B2AC-32BBCBBB0C24}.Debug|iPhoneSimulator.Build.0 = Debug|iPhoneSimulator
		{1F8DAD5A-B33D-4A95-B2AC-32BBCBBB0C24}.Debug|x64.ActiveCfg = Debug|iPhone
		{1F8DAD5A-B33D-4A95-B2AC-32BBCBBB0C24}.Debug|x86.ActiveCfg = Debug|iPhone
		{1F8DAD5A-B33D-4A95-B2AC-32BBCBBB0C24}.Release|Any CPU.ActiveCfg = Release|iPhone
		{1F8DAD5A-B33D-4A95-B2AC-32BBCBBB0C24}.Release|ARM.ActiveCfg = Release|iPhone
		{1F8DAD5A-B33D-4A95-B2AC-32BBCBBB0C24}.Release|iPhone.ActiveCfg = Release|iPhone
		{1F8DAD5A-B33D-4A95-B2AC-32BBCBBB0C24}.Release|iPhone.Build.0 = Release|iPhone
		{1F8DAD5A-B33D-4A95-B2AC-32BBCBBB0C24}.Release|iPhoneSimulator.ActiveCfg = Release|iPhoneSimulator
		{1F8DAD5A-B33D-4A95-B2AC-32BBCBBB0C24}.Release|iPhoneSimulator.Build.0 = Release|iPhoneSimulator
		{1F8DAD5A-B33D-4A95-B2AC-32BBCBBB0C24}.Release|x64.ActiveCfg = Release|iPhone
		{1F8DAD5A-B33D-4A95-B2AC-32BBCBBB0C24}.Release|x86.ActiveCfg = Release|iPhone
		{B6808A28-A28F-4C04-9C4B-CACC6C67A223}.Ad-Hoc|Any CPU.ActiveCfg = Release|x64
		{B6808A28-A28F-4C04-9C4B-CACC6C67A223}.Ad-Hoc|Any CPU.Build.0 = Release|x64
		{B6808A28-A28F-4C04-9C4B-CACC6C67A223}.Ad-Hoc|Any CPU.Deploy.0 = Release|x64
		{B6808A28-A28F-4C04-9C4B-CACC6C67A223}.Ad-Hoc|ARM.ActiveCfg = Release|ARM
		{B6808A28-A28F-4C04-9C4B-CACC6C67A223}.Ad-Hoc|ARM.Build.0 = Release|ARM
		{B6808A28-A28F-4C04-9C4B-CACC6C67A223}.Ad-Hoc|ARM.Deploy.0 = Release|ARM
		{B6808A28-A28F-4C04-9C4B-CACC6C67A223}.Ad-Hoc|iPhone.ActiveCfg = Release|x64
		{B6808A28-A28F-4C04-9C4B-CACC6C67A223}.Ad-Hoc|iPhone.Build.0 = Release|x64
		{B6808A28-A28F-4C04-9C4B-CACC6C67A223}.Ad-Hoc|iPhone.Deploy.0 = Release|x64
		{B6808A28-A28F-4C04-9C4B-CACC6C67A223}.Ad-Hoc|iPhoneSimulator.ActiveCfg = Release|x64
		{B6808A28-A28F-4C04-9C4B-CACC6C67A223}.Ad-Hoc|iPhoneSimulator.Build.0 = Release|x64
		{B6808A28-A28F-4C04-9C4B-CACC6C67A223}.Ad-Hoc|iPhoneSimulator.Deploy.0 = Release|x64
		{B6808A28-A28F-4C04-9C4B-CACC6C67A223}.Ad-Hoc|x64.ActiveCfg = Release|x64
		{B6808A28-A28F-4C04-9C4B-CACC6C67A223}.Ad-Hoc|x64.Build.0 = Release|x64
		{B6808A28-A28F-4C04-9C4B-CACC6C67A223}.Ad-Hoc|x64.Deploy.0 = Release|x64
		{B6808A28-A28F-4C04-9C4B-CACC6C67A223}.Ad-Hoc|x86.ActiveCfg = Release|x86
		{B6808A28-A28F-4C04-9C4B-CACC6C67A223}.Ad-Hoc|x86.Build.0 = Release|x86
		{B6808A28-A28F-4C04-9C4B-CACC6C67A223}.Ad-Hoc|x86.Deploy.0 = Release|x86
		{B6808A28-A28F-4C04-9C4B-CACC6C67A223}.AppStore|Any CPU.ActiveCfg = Release|x64
		{B6808A28-A28F-4C04-9C4B-CACC6C67A223}.AppStore|Any CPU.Build.0 = Release|x64
		{B6808A28-A28F-4C04-9C4B-CACC6C67A223}.AppStore|Any CPU.Deploy.0 = Release|x64
		{B6808A28-A28F-4C04-9C4B-CACC6C67A223}.AppStore|ARM.ActiveCfg = Release|ARM
		{B6808A28-A28F-4C04-9C4B-CACC6C67A223}.AppStore|ARM.Build.0 = Release|ARM
		{B6808A28-A28F-4C04-9C4B-CACC6C67A223}.AppStore|ARM.Deploy.0 = Release|ARM
		{B6808A28-A28F-4C04-9C4B-CACC6C67A223}.AppStore|iPhone.ActiveCfg = Release|x64
		{B6808A28-A28F-4C04-9C4B-CACC6C67A223}.AppStore|iPhone.Build.0 = Release|x64
		{B6808A28-A28F-4C04-9C4B-CACC6C67A223}.AppStore|iPhone.Deploy.0 = Release|x64
		{B6808A28-A28F-4C04-9C4B-CACC6C67A223}.AppStore|iPhoneSimulator.ActiveCfg = Release|x64
		{B6808A28-A28F-4C04-9C4B-CACC6C67A223}.AppStore|iPhoneSimulator.Build.0 = Release|x64
		{B6808A28-A28F-4C04-9C4B-CACC6C67A223}.AppStore|iPhoneSimulator.Deploy.0 = Release|x64
		{B6808A28-A28F-4C04-9C4B-CACC6C67A223}.AppStore|x64.ActiveCfg = Release|x64
		{B6808A28-A28F-4C04-9C4B-CACC6C67A223}.AppStore|x64.Build.0 = Release|x64
		{B6808A28-A28F-4C04-9C4B-CACC6C67A223}.AppStore|x64.Deploy.0 = Release|x64
		{B6808A28-A28F-4C04-9C4B-CACC6C67A223}.AppStore|x86.ActiveCfg = Release|x86
		{B6808A28-A28F-4C04-9C4B-CACC6C67A223}.AppStore|x86.Build.0 = Release|x86
		{B6808A28-A28F-4C04-9C4B-CACC6C67A223}.AppStore|x86.Deploy.0 = Release|x86
		{B6808A28-A28F-4C04-9C4B-CACC6C67A223}.Debug|Any CPU.ActiveCfg = Debug|x86
		{B6808A28-A28F-4C04-9C4B-CACC6C67A223}.Debug|ARM.ActiveCfg = Debug|ARM
		{B6808A28-A28F-4C04-9C4B-CACC6C67A223}.Debug|ARM.Build.0 = Debug|ARM
		{B6808A28-A28F-4C04-9C4B-CACC6C67A223}.Debug|ARM.Deploy.0 = Debug|ARM
		{B6808A28-A28F-4C04-9C4B-CACC6C67A223}.Debug|iPhone.ActiveCfg = Debug|x86
		{B6808A28-A28F-4C04-9C4B-CACC6C67A223}.Debug|iPhoneSimulator.ActiveCfg = Debug|x86
		{B6808A28-A28F-4C04-9C4B-CACC6C67A223}.Debug|x64.ActiveCfg = Debug|x64
		{B6808A28-A28F-4C04-9C4B-CACC6C67A223}.Debug|x64.Build.0 = Debug|x64
		{B6808A28-A28F-4C04-9C4B-CACC6C67A223}.Debug|x64.Deploy.0 = Debug|x64
		{B6808A28-A28F-4C04-9C4B-CACC6C67A223}.Debug|x86.ActiveCfg = Debug|x86
		{B6808A28-A28F-4C04-9C4B-CACC6C67A223}.Debug|x86.Build.0 = Debug|x86
		{B6808A28-A28F-4C04-9C4B-CACC6C67A223}.Debug|x86.Deploy.0 = Debug|x86
		{B6808A28-A28F-4C04-9C4B-CACC6C67A223}.Release|Any CPU.ActiveCfg = Release|x86
		{B6808A28-A28F-4C04-9C4B-CACC6C67A223}.Release|ARM.ActiveCfg = Release|ARM
		{B6808A28-A28F-4C04-9C4B-CACC6C67A223}.Release|ARM.Build.0 = Release|ARM
		{B6808A28-A28F-4C04-9C4B-CACC6C67A223}.Release|ARM.Deploy.0 = Release|ARM
		{B6808A28-A28F-4C04-9C4B-CACC6C67A223}.Release|iPhone.ActiveCfg = Release|x86
		{B6808A28-A28F-4C04-9C4B-CACC6C67A223}.Release|iPhoneSimulator.ActiveCfg = Release|x86
		{B6808A28-A28F-4C04-9C4B-CACC6C67A223}.Release|x64.ActiveCfg = Release|x64
		{B6808A28-A28F-4C04-9C4B-CACC6C67A223}.Release|x64.Build.0 = Release|x64
		{B6808A28-A28F-4C04-9C4B-CACC6C67A223}.Release|x64.Deploy.0 = Release|x64
		{B6808A28-A28F-4C04-9C4B-CACC6C67A223}.Release|x86.ActiveCfg = Release|x86
		{B6808A28-A28F-4C04-9C4B-CACC6C67A223}.Release|x86.Build.0 = Release|x86
		{B6808A28-A28F-4C04-9C4B-CACC6C67A223}.Release|x86.Deploy.0 = Release|x86
		{02F5F58A-A31E-4B5E-A491-6BE2E4F2F03F}.Ad-Hoc|Any CPU.ActiveCfg = Debug|Any CPU
		{02F5F58A-A31E-4B5E-A491-6BE2E4F2F03F}.Ad-Hoc|Any CPU.Build.0 = Debug|Any CPU
		{02F5F58A-A31E-4B5E-A491-6BE2E4F2F03F}.Ad-Hoc|ARM.ActiveCfg = Debug|Any CPU
		{02F5F58A-A31E-4B5E-A491-6BE2E4F2F03F}.Ad-Hoc|ARM.Build.0 = Debug|Any CPU
		{02F5F58A-A31E-4B5E-A491-6BE2E4F2F03F}.Ad-Hoc|iPhone.ActiveCfg = Debug|Any CPU
		{02F5F58A-A31E-4B5E-A491-6BE2E4F2F03F}.Ad-Hoc|iPhone.Build.0 = Debug|Any CPU
		{02F5F58A-A31E-4B5E-A491-6BE2E4F2F03F}.Ad-Hoc|iPhoneSimulator.ActiveCfg = Debug|Any CPU
		{02F5F58A-A31E-4B5E-A491-6BE2E4F2F03F}.Ad-Hoc|iPhoneSimulator.Build.0 = Debug|Any CPU
		{02F5F58A-A31E-4B5E-A491-6BE2E4F2F03F}.Ad-Hoc|x64.ActiveCfg = Debug|Any CPU
		{02F5F58A-A31E-4B5E-A491-6BE2E4F2F03F}.Ad-Hoc|x64.Build.0 = Debug|Any CPU
		{02F5F58A-A31E-4B5E-A491-6BE2E4F2F03F}.Ad-Hoc|x86.ActiveCfg = Debug|Any CPU
		{02F5F58A-A31E-4B5E-A491-6BE2E4F2F03F}.Ad-Hoc|x86.Build.0 = Debug|Any CPU
		{02F5F58A-A31E-4B5E-A491-6BE2E4F2F03F}.AppStore|Any CPU.ActiveCfg = Debug|Any CPU
		{02F5F58A-A31E-4B5E-A491-6BE2E4F2F03F}.AppStore|Any CPU.Build.0 = Debug|Any CPU
		{02F5F58A-A31E-4B5E-A491-6BE2E4F2F03F}.AppStore|ARM.ActiveCfg = Debug|Any CPU
		{02F5F58A-A31E-4B5E-A491-6BE2E4F2F03F}.AppStore|ARM.Build.0 = Debug|Any CPU
		{02F5F58A-A31E-4B5E-A491-6BE2E4F2F03F}.AppStore|iPhone.ActiveCfg = Debug|Any CPU
		{02F5F58A-A31E-4B5E-A491-6BE2E4F2F03F}.AppStore|iPhone.Build.0 = Debug|Any CPU
		{02F5F58A-A31E-4B5E-A491-6BE2E4F2F03F}.AppStore|iPhoneSimulator.ActiveCfg = Debug|Any CPU
		{02F5F58A-A31E-4B5E-A491-6BE2E4F2F03F}.AppStore|iPhoneSimulator.Build.0 = Debug|Any CPU
		{02F5F58A-A31E-4B5E-A491-6BE2E4F2F03F}.AppStore|x64.ActiveCfg = Debug|Any CPU
		{02F5F58A-A31E-4B5E-A491-6BE2E4F2F03F}.AppStore|x64.Build.0 = Debug|Any CPU
		{02F5F58A-A31E-4B5E-A491-6BE2E4F2F03F}.AppStore|x86.ActiveCfg = Debug|Any CPU
		{02F5F58A-A31E-4B5E-A491-6BE2E4F2F03F}.AppStore|x86.Build.0 = Debug|Any CPU
		{02F5F58A-A31E-4B5E-A491-6BE2E4F2F03F}.Debug|Any CPU.ActiveCfg = Debug|Any CPU
		{02F5F58A-A31E-4B5E-A491-6BE2E4F2F03F}.Debug|Any CPU.Build.0 = Debug|Any CPU
		{02F5F58A-A31E-4B5E-A491-6BE2E4F2F03F}.Debug|ARM.ActiveCfg = Debug|Any CPU
		{02F5F58A-A31E-4B5E-A491-6BE2E4F2F03F}.Debug|ARM.Build.0 = Debug|Any CPU
		{02F5F58A-A31E-4B5E-A491-6BE2E4F2F03F}.Debug|iPhone.ActiveCfg = Debug|Any CPU
		{02F5F58A-A31E-4B5E-A491-6BE2E4F2F03F}.Debug|iPhone.Build.0 = Debug|Any CPU
		{02F5F58A-A31E-4B5E-A491-6BE2E4F2F03F}.Debug|iPhoneSimulator.ActiveCfg = Debug|Any CPU
		{02F5F58A-A31E-4B5E-A491-6BE2E4F2F03F}.Debug|iPhoneSimulator.Build.0 = Debug|Any CPU
		{02F5F58A-A31E-4B5E-A491-6BE2E4F2F03F}.Debug|x64.ActiveCfg = Debug|Any CPU
		{02F5F58A-A31E-4B5E-A491-6BE2E4F2F03F}.Debug|x64.Build.0 = Debug|Any CPU
		{02F5F58A-A31E-4B5E-A491-6BE2E4F2F03F}.Debug|x86.ActiveCfg = Debug|Any CPU
		{02F5F58A-A31E-4B5E-A491-6BE2E4F2F03F}.Debug|x86.Build.0 = Debug|Any CPU
		{02F5F58A-A31E-4B5E-A491-6BE2E4F2F03F}.Release|Any CPU.ActiveCfg = Release|Any CPU
		{02F5F58A-A31E-4B5E-A491-6BE2E4F2F03F}.Release|Any CPU.Build.0 = Release|Any CPU
		{02F5F58A-A31E-4B5E-A491-6BE2E4F2F03F}.Release|ARM.ActiveCfg = Release|Any CPU
		{02F5F58A-A31E-4B5E-A491-6BE2E4F2F03F}.Release|ARM.Build.0 = Release|Any CPU
		{02F5F58A-A31E-4B5E-A491-6BE2E4F2F03F}.Release|iPhone.ActiveCfg = Release|Any CPU
		{02F5F58A-A31E-4B5E-A491-6BE2E4F2F03F}.Release|iPhone.Build.0 = Release|Any CPU
		{02F5F58A-A31E-4B5E-A491-6BE2E4F2F03F}.Release|iPhoneSimulator.ActiveCfg = Release|Any CPU
		{02F5F58A-A31E-4B5E-A491-6BE2E4F2F03F}.Release|iPhoneSimulator.Build.0 = Release|Any CPU
		{02F5F58A-A31E-4B5E-A491-6BE2E4F2F03F}.Release|x64.ActiveCfg = Release|Any CPU
		{02F5F58A-A31E-4B5E-A491-6BE2E4F2F03F}.Release|x64.Build.0 = Release|Any CPU
		{02F5F58A-A31E-4B5E-A491-6BE2E4F2F03F}.Release|x86.ActiveCfg = Release|Any CPU
		{02F5F58A-A31E-4B5E-A491-6BE2E4F2F03F}.Release|x86.Build.0 = Release|Any CPU
	EndGlobalSection
	GlobalSection(SolutionProperties) = preSolution
		HideSolutionNode = FALSE
	EndGlobalSection
	GlobalSection(ExtensibilityGlobals) = postSolution
		SolutionGuid = {B564AE86-3154-43FC-846A-A1AD568ABEAC}
	EndGlobalSection
EndGlobal
