
Microsoft Visual Studio Solution File, Format Version 10.00
# Visual Studio 2008
Project("{FAE04EC0-301F-11D3-BF4B-00C04F79EFBC}") = "ExpandTreeViewSilverlight", "ExpandTreeViewSilverlight.csproj", "{AC358F6E-C4E8-4614-A256-E8D07638BC5E}"
EndProject
Global
	GlobalSection(SolutionConfigurationPlatforms) = preSolution
		Debug|Any CPU = Debug|Any CPU
		Release|Any CPU = Release|Any CPU
	EndGlobalSection
	GlobalSection(ProjectConfigurationPlatforms) = postSolution
		{AC358F6E-C4E8-4614-A256-E8D07638BC5E}.Debug|Any CPU.ActiveCfg = Debug|Any CPU
		{AC358F6E-C4E8-4614-A256-E8D07638BC5E}.Debug|Any CPU.Build.0 = Debug|Any CPU
		{AC358F6E-C4E8-4614-A256-E8D07638BC5E}.Release|Any CPU.ActiveCfg = Release|Any CPU
		{AC358F6E-C4E8-4614-A256-E8D07638BC5E}.Release|Any CPU.Build.0 = Release|Any CPU
	EndGlobalSection
	GlobalSection(SolutionProperties) = preSolution
		HideSolutionNode = FALSE
	EndGlobalSection
EndGlobal
