
Microsoft Visual Studio Solution File, Format Version 10.00
# Visual Studio 2008
Project("{FAE04EC0-301F-11D3-BF4B-00C04F79EFBC}") = "SLCollectionViewSource", "SLCollectionViewSource\SLCollectionViewSource.csproj", "{73D84A6F-D1C9-4782-A895-BB5DFC604CC4}"
EndProject
Global
	GlobalSection(SolutionConfigurationPlatforms) = preSolution
		Debug|Any CPU = Debug|Any CPU
		Release|Any CPU = Release|Any CPU
	EndGlobalSection
	GlobalSection(ProjectConfigurationPlatforms) = postSolution
		{73D84A6F-D1C9-4782-A895-BB5DFC604CC4}.Debug|Any CPU.ActiveCfg = Debug|Any CPU
		{73D84A6F-D1C9-4782-A895-BB5DFC604CC4}.Debug|Any CPU.Build.0 = Debug|Any CPU
		{73D84A6F-D1C9-4782-A895-BB5DFC604CC4}.Release|Any CPU.ActiveCfg = Release|Any CPU
		{73D84A6F-D1C9-4782-A895-BB5DFC604CC4}.Release|Any CPU.Build.0 = Release|Any CPU
	EndGlobalSection
	GlobalSection(SolutionProperties) = preSolution
		HideSolutionNode = FALSE
	EndGlobalSection
EndGlobal
