
Microsoft Visual Studio Solution File, Format Version 10.00
# Visual Studio 2008
Project("{FAE04EC0-301F-11D3-BF4B-00C04F79EFBC}") = "PieChartWithLabels", "PieChartWithLabels\PieChartWithLabels.csproj", "{3056D60D-D89F-43F2-AE4E-6ACCBF8687D3}"
EndProject
Project("{FAE04EC0-301F-11D3-BF4B-00C04F79EFBC}") = "CustomControls", "CustomControls\CustomControls.csproj", "{0336C144-CFD3-4BF1-8FF4-1A2CE64F0205}"
EndProject
Global
	GlobalSection(SolutionConfigurationPlatforms) = preSolution
		Debug|Any CPU = Debug|Any CPU
		Release|Any CPU = Release|Any CPU
	EndGlobalSection
	GlobalSection(ProjectConfigurationPlatforms) = postSolution
		{3056D60D-D89F-43F2-AE4E-6ACCBF8687D3}.Debug|Any CPU.ActiveCfg = Debug|Any CPU
		{3056D60D-D89F-43F2-AE4E-6ACCBF8687D3}.Debug|Any CPU.Build.0 = Debug|Any CPU
		{3056D60D-D89F-43F2-AE4E-6ACCBF8687D3}.Release|Any CPU.ActiveCfg = Release|Any CPU
		{3056D60D-D89F-43F2-AE4E-6ACCBF8687D3}.Release|Any CPU.Build.0 = Release|Any CPU
		{0336C144-CFD3-4BF1-8FF4-1A2CE64F0205}.Debug|Any CPU.ActiveCfg = Debug|Any CPU
		{0336C144-CFD3-4BF1-8FF4-1A2CE64F0205}.Debug|Any CPU.Build.0 = Debug|Any CPU
		{0336C144-CFD3-4BF1-8FF4-1A2CE64F0205}.Release|Any CPU.ActiveCfg = Release|Any CPU
		{0336C144-CFD3-4BF1-8FF4-1A2CE64F0205}.Release|Any CPU.Build.0 = Release|Any CPU
	EndGlobalSection
	GlobalSection(SolutionProperties) = preSolution
		HideSolutionNode = FALSE
	EndGlobalSection
EndGlobal
