
Microsoft Visual Studio Solution File, Format Version 10.00
# Visual Studio 2008
Project("{FAE04EC0-301F-11D3-BF4B-00C04F79EFBC}") = "PieChartWithLabels", "PieChartWithLabels\PieChartWithLabels.csproj", "{D0C2D77E-AD13-4EF9-A5BF-97440CC0415F}"
EndProject
Project("{FAE04EC0-301F-11D3-BF4B-00C04F79EFBC}") = "CustomControls", "CustomControls\CustomControls.csproj", "{51BC82AB-78E8-4B4C-A631-516F3B00A7C5}"
EndProject
Global
	GlobalSection(SolutionConfigurationPlatforms) = preSolution
		Debug|Any CPU = Debug|Any CPU
		Release|Any CPU = Release|Any CPU
	EndGlobalSection
	GlobalSection(ProjectConfigurationPlatforms) = postSolution
		{D0C2D77E-AD13-4EF9-A5BF-97440CC0415F}.Debug|Any CPU.ActiveCfg = Debug|Any CPU
		{D0C2D77E-AD13-4EF9-A5BF-97440CC0415F}.Debug|Any CPU.Build.0 = Debug|Any CPU
		{D0C2D77E-AD13-4EF9-A5BF-97440CC0415F}.Release|Any CPU.ActiveCfg = Release|Any CPU
		{D0C2D77E-AD13-4EF9-A5BF-97440CC0415F}.Release|Any CPU.Build.0 = Release|Any CPU
		{51BC82AB-78E8-4B4C-A631-516F3B00A7C5}.Debug|Any CPU.ActiveCfg = Debug|Any CPU
		{51BC82AB-78E8-4B4C-A631-516F3B00A7C5}.Debug|Any CPU.Build.0 = Debug|Any CPU
		{51BC82AB-78E8-4B4C-A631-516F3B00A7C5}.Release|Any CPU.ActiveCfg = Release|Any CPU
		{51BC82AB-78E8-4B4C-A631-516F3B00A7C5}.Release|Any CPU.Build.0 = Release|Any CPU
	EndGlobalSection
	GlobalSection(SolutionProperties) = preSolution
		HideSolutionNode = FALSE
	EndGlobalSection
EndGlobal
