
Microsoft Visual Studio Solution File, Format Version 9.00
# Visual Studio 2005
Project("{FAE04EC0-301F-11D3-BF4B-00C04F79EFBC}") = "FilterSample", "FilterSample.csproj", "{7C873700-77D9-47FB-B91B-4CCE71A98DCD}"
EndProject
Global
	GlobalSection(SolutionConfigurationPlatforms) = preSolution
		Debug|Any CPU = Debug|Any CPU
		Release|Any CPU = Release|Any CPU
	EndGlobalSection
	GlobalSection(ProjectConfigurationPlatforms) = postSolution
		{7C873700-77D9-47FB-B91B-4CCE71A98DCD}.Debug|Any CPU.ActiveCfg = Debug|Any CPU
		{7C873700-77D9-47FB-B91B-4CCE71A98DCD}.Debug|Any CPU.Build.0 = Debug|Any CPU
		{7C873700-77D9-47FB-B91B-4CCE71A98DCD}.Release|Any CPU.ActiveCfg = Release|Any CPU
		{7C873700-77D9-47FB-B91B-4CCE71A98DCD}.Release|Any CPU.Build.0 = Release|Any CPU
	EndGlobalSection
	GlobalSection(SolutionProperties) = preSolution
		HideSolutionNode = FALSE
	EndGlobalSection
EndGlobal
