
Microsoft Visual Studio Solution File, Format Version 10.00
# Visual Studio 2008
Project("{FAE04EC0-301F-11D3-BF4B-00C04F79EFBC}") = "BindToXLinq", "BindToXLinq.csproj", "{226C2DB7-8005-4B9D-921F-8904CF96C562}"
EndProject
Global
	GlobalSection(SolutionConfigurationPlatforms) = preSolution
		Debug|Any CPU = Debug|Any CPU
		Release|Any CPU = Release|Any CPU
	EndGlobalSection
	GlobalSection(ProjectConfigurationPlatforms) = postSolution
		{226C2DB7-8005-4B9D-921F-8904CF96C562}.Debug|Any CPU.ActiveCfg = Debug|Any CPU
		{226C2DB7-8005-4B9D-921F-8904CF96C562}.Debug|Any CPU.Build.0 = Debug|Any CPU
		{226C2DB7-8005-4B9D-921F-8904CF96C562}.Release|Any CPU.ActiveCfg = Release|Any CPU
		{226C2DB7-8005-4B9D-921F-8904CF96C562}.Release|Any CPU.Build.0 = Release|Any CPU
	EndGlobalSection
	GlobalSection(SolutionProperties) = preSolution
		HideSolutionNode = FALSE
	EndGlobalSection
EndGlobal
