
Microsoft Visual Studio Solution File, Format Version 10.00
# Visual Studio 2008
Project("{FAE04EC0-301F-11D3-BF4B-00C04F79EFBC}") = "BoundListView", "BoundListView.csproj", "{01EC2DC8-F98D-4604-8210-8873ECEAC608}"
EndProject
Global
	GlobalSection(SolutionConfigurationPlatforms) = preSolution
		Debug|Any CPU = Debug|Any CPU
		Release|Any CPU = Release|Any CPU
	EndGlobalSection
	GlobalSection(ProjectConfigurationPlatforms) = postSolution
		{01EC2DC8-F98D-4604-8210-8873ECEAC608}.Debug|Any CPU.ActiveCfg = Debug|Any CPU
		{01EC2DC8-F98D-4604-8210-8873ECEAC608}.Debug|Any CPU.Build.0 = Debug|Any CPU
		{01EC2DC8-F98D-4604-8210-8873ECEAC608}.Release|Any CPU.ActiveCfg = Release|Any CPU
		{01EC2DC8-F98D-4604-8210-8873ECEAC608}.Release|Any CPU.Build.0 = Release|Any CPU
	EndGlobalSection
	GlobalSection(SolutionProperties) = preSolution
		HideSolutionNode = FALSE
	EndGlobalSection
EndGlobal
