
Microsoft Visual Studio Solution File, Format Version 10.00
# Visual Studio 2008
Project("{FAE04EC0-301F-11D3-BF4B-00C04F79EFBC}") = "DragDropListBox", "DragDropListBox.csproj", "{53F54828-2800-437C-9712-6096651A0FEC}"
EndProject
Global
	GlobalSection(SolutionConfigurationPlatforms) = preSolution
		Debug|Any CPU = Debug|Any CPU
		Release|Any CPU = Release|Any CPU
	EndGlobalSection
	GlobalSection(ProjectConfigurationPlatforms) = postSolution
		{53F54828-2800-437C-9712-6096651A0FEC}.Debug|Any CPU.ActiveCfg = Debug|Any CPU
		{53F54828-2800-437C-9712-6096651A0FEC}.Debug|Any CPU.Build.0 = Debug|Any CPU
		{53F54828-2800-437C-9712-6096651A0FEC}.Release|Any CPU.ActiveCfg = Release|Any CPU
		{53F54828-2800-437C-9712-6096651A0FEC}.Release|Any CPU.Build.0 = Release|Any CPU
	EndGlobalSection
	GlobalSection(SolutionProperties) = preSolution
		HideSolutionNode = FALSE
	EndGlobalSection
EndGlobal
