
Microsoft Visual Studio Solution File, Format Version 9.00
# Visual Studio 2005
Project("{FAE04EC0-301F-11D3-BF4B-00C04F79EFBC}") = "ConvertXaml", "ConvertXaml\ConvertXaml.csproj", "{886A33AF-6780-4F92-A0F5-B4E33FCE0329}"
EndProject
Global
	GlobalSection(SolutionConfigurationPlatforms) = preSolution
		Debug|Any CPU = Debug|Any CPU
		Release|Any CPU = Release|Any CPU
	EndGlobalSection
	GlobalSection(ProjectConfigurationPlatforms) = postSolution
		{886A33AF-6780-4F92-A0F5-B4E33FCE0329}.Debug|Any CPU.ActiveCfg = Debug|Any CPU
		{886A33AF-6780-4F92-A0F5-B4E33FCE0329}.Debug|Any CPU.Build.0 = Debug|Any CPU
		{886A33AF-6780-4F92-A0F5-B4E33FCE0329}.Release|Any CPU.ActiveCfg = Release|Any CPU
		{886A33AF-6780-4F92-A0F5-B4E33FCE0329}.Release|Any CPU.Build.0 = Release|Any CPU
	EndGlobalSection
	GlobalSection(SolutionProperties) = preSolution
		HideSolutionNode = FALSE
	EndGlobalSection
EndGlobal
