
Microsoft Visual Studio Solution File, Format Version 11.00
# Visual Studio 2010
Project("{FAE04EC0-301F-11D3-BF4B-00C04F79EFBC}") = "DVFilter", "DVFilter\DVFilter.csproj", "{06E2F6C8-FEC0-478F-8514-3E8273864855}"
EndProject
Project("{FAE04EC0-301F-11D3-BF4B-00C04F79EFBC}") = "ReusableControls", "ReusableControls\ReusableControls.csproj", "{37EC527A-D370-4643-A4A5-F585D18244D1}"
EndProject
Project("{FAE04EC0-301F-11D3-BF4B-00C04F79EFBC}") = "DataVirtualization", "DataVirtualization\DataVirtualization.csproj", "{F0551328-4699-43B6-949E-9BDABF89FC1E}"
EndProject
Global
	GlobalSection(SolutionConfigurationPlatforms) = preSolution
		Debug|Any CPU = Debug|Any CPU
		Debug|Mixed Platforms = Debug|Mixed Platforms
		Debug|x86 = Debug|x86
		Release|Any CPU = Release|Any CPU
		Release|Mixed Platforms = Release|Mixed Platforms
		Release|x86 = Release|x86
	EndGlobalSection
	GlobalSection(ProjectConfigurationPlatforms) = postSolution
		{06E2F6C8-FEC0-478F-8514-3E8273864855}.Debug|Any CPU.ActiveCfg = Debug|x86
		{06E2F6C8-FEC0-478F-8514-3E8273864855}.Debug|Mixed Platforms.ActiveCfg = Debug|x86
		{06E2F6C8-FEC0-478F-8514-3E8273864855}.Debug|Mixed Platforms.Build.0 = Debug|x86
		{06E2F6C8-FEC0-478F-8514-3E8273864855}.Debug|x86.ActiveCfg = Debug|x86
		{06E2F6C8-FEC0-478F-8514-3E8273864855}.Debug|x86.Build.0 = Debug|x86
		{06E2F6C8-FEC0-478F-8514-3E8273864855}.Release|Any CPU.ActiveCfg = Release|x86
		{06E2F6C8-FEC0-478F-8514-3E8273864855}.Release|Mixed Platforms.ActiveCfg = Release|x86
		{06E2F6C8-FEC0-478F-8514-3E8273864855}.Release|Mixed Platforms.Build.0 = Release|x86
		{06E2F6C8-FEC0-478F-8514-3E8273864855}.Release|x86.ActiveCfg = Release|x86
		{06E2F6C8-FEC0-478F-8514-3E8273864855}.Release|x86.Build.0 = Release|x86
		{37EC527A-D370-4643-A4A5-F585D18244D1}.Debug|Any CPU.ActiveCfg = Debug|Any CPU
		{37EC527A-D370-4643-A4A5-F585D18244D1}.Debug|Any CPU.Build.0 = Debug|Any CPU
		{37EC527A-D370-4643-A4A5-F585D18244D1}.Debug|Mixed Platforms.ActiveCfg = Debug|Any CPU
		{37EC527A-D370-4643-A4A5-F585D18244D1}.Debug|Mixed Platforms.Build.0 = Debug|Any CPU
		{37EC527A-D370-4643-A4A5-F585D18244D1}.Debug|x86.ActiveCfg = Debug|Any CPU
		{37EC527A-D370-4643-A4A5-F585D18244D1}.Release|Any CPU.ActiveCfg = Release|Any CPU
		{37EC527A-D370-4643-A4A5-F585D18244D1}.Release|Any CPU.Build.0 = Release|Any CPU
		{37EC527A-D370-4643-A4A5-F585D18244D1}.Release|Mixed Platforms.ActiveCfg = Release|Any CPU
		{37EC527A-D370-4643-A4A5-F585D18244D1}.Release|Mixed Platforms.Build.0 = Release|Any CPU
		{37EC527A-D370-4643-A4A5-F585D18244D1}.Release|x86.ActiveCfg = Release|Any CPU
		{F0551328-4699-43B6-949E-9BDABF89FC1E}.Debug|Any CPU.ActiveCfg = Debug|Any CPU
		{F0551328-4699-43B6-949E-9BDABF89FC1E}.Debug|Any CPU.Build.0 = Debug|Any CPU
		{F0551328-4699-43B6-949E-9BDABF89FC1E}.Debug|Mixed Platforms.ActiveCfg = Debug|Any CPU
		{F0551328-4699-43B6-949E-9BDABF89FC1E}.Debug|Mixed Platforms.Build.0 = Debug|Any CPU
		{F0551328-4699-43B6-949E-9BDABF89FC1E}.Debug|x86.ActiveCfg = Debug|Any CPU
		{F0551328-4699-43B6-949E-9BDABF89FC1E}.Release|Any CPU.ActiveCfg = Release|Any CPU
		{F0551328-4699-43B6-949E-9BDABF89FC1E}.Release|Any CPU.Build.0 = Release|Any CPU
		{F0551328-4699-43B6-949E-9BDABF89FC1E}.Release|Mixed Platforms.ActiveCfg = Release|Any CPU
		{F0551328-4699-43B6-949E-9BDABF89FC1E}.Release|Mixed Platforms.Build.0 = Release|Any CPU
		{F0551328-4699-43B6-949E-9BDABF89FC1E}.Release|x86.ActiveCfg = Release|Any CPU
	EndGlobalSection
	GlobalSection(SolutionProperties) = preSolution
		HideSolutionNode = FALSE
	EndGlobalSection
EndGlobal
