
Microsoft Visual Studio Solution File, Format Version 9.00
# Visual Studio 2005
Project("{FAE04EC0-301F-11D3-BF4B-00C04F79EFBC}") = "DisplayMemberPathSample", "DisplayMemberPathSample\DisplayMemberPathSample.csproj", "{2B163AD0-ADD4-4019-AE95-8380CFE36E71}"
EndProject
Global
	GlobalSection(SolutionConfigurationPlatforms) = preSolution
		Debug|Any CPU = Debug|Any CPU
		Release|Any CPU = Release|Any CPU
	EndGlobalSection
	GlobalSection(ProjectConfigurationPlatforms) = postSolution
		{2B163AD0-ADD4-4019-AE95-8380CFE36E71}.Debug|Any CPU.ActiveCfg = Debug|Any CPU
		{2B163AD0-ADD4-4019-AE95-8380CFE36E71}.Debug|Any CPU.Build.0 = Debug|Any CPU
		{2B163AD0-ADD4-4019-AE95-8380CFE36E71}.Release|Any CPU.ActiveCfg = Release|Any CPU
		{2B163AD0-ADD4-4019-AE95-8380CFE36E71}.Release|Any CPU.Build.0 = Release|Any CPU
	EndGlobalSection
	GlobalSection(SolutionProperties) = preSolution
		HideSolutionNode = FALSE
	EndGlobalSection
EndGlobal
