
Microsoft Visual Studio Solution File, Format Version 9.00
# Visual Studio 2005
Project("{FAE04EC0-301F-11D3-BF4B-00C04F79EFBC}") = "BindToEnum", "BindToEnum.csproj", "{706AAC6B-9335-4080-9DE1-56AE86064B67}"
EndProject
Global
	GlobalSection(SolutionConfigurationPlatforms) = preSolution
		Debug|Any CPU = Debug|Any CPU
		Release|Any CPU = Release|Any CPU
	EndGlobalSection
	GlobalSection(ProjectConfigurationPlatforms) = postSolution
		{706AAC6B-9335-4080-9DE1-56AE86064B67}.Debug|Any CPU.ActiveCfg = Debug|Any CPU
		{706AAC6B-9335-4080-9DE1-56AE86064B67}.Debug|Any CPU.Build.0 = Debug|Any CPU
		{706AAC6B-9335-4080-9DE1-56AE86064B67}.Release|Any CPU.ActiveCfg = Release|Any CPU
		{706AAC6B-9335-4080-9DE1-56AE86064B67}.Release|Any CPU.Build.0 = Release|Any CPU
	EndGlobalSection
	GlobalSection(SolutionProperties) = preSolution
		HideSolutionNode = FALSE
	EndGlobalSection
EndGlobal
