
Microsoft Visual Studio Solution File, Format Version 10.00
# Visual Studio 2008
Project("{FAE04EC0-301F-11D3-BF4B-00C04F79EFBC}") = "DataBoundDialogBox", "DataBoundDialogBox\DataBoundDialogBox.csproj", "{CBBBFBA8-13AA-48BF-BE25-BEACA6D65C15}"
EndProject
Global
	GlobalSection(SolutionConfigurationPlatforms) = preSolution
		Debug|Any CPU = Debug|Any CPU
		Release|Any CPU = Release|Any CPU
	EndGlobalSection
	GlobalSection(ProjectConfigurationPlatforms) = postSolution
		{CBBBFBA8-13AA-48BF-BE25-BEACA6D65C15}.Debug|Any CPU.ActiveCfg = Debug|Any CPU
		{CBBBFBA8-13AA-48BF-BE25-BEACA6D65C15}.Debug|Any CPU.Build.0 = Debug|Any CPU
		{CBBBFBA8-13AA-48BF-BE25-BEACA6D65C15}.Release|Any CPU.ActiveCfg = Release|Any CPU
		{CBBBFBA8-13AA-48BF-BE25-BEACA6D65C15}.Release|Any CPU.Build.0 = Release|Any CPU
	EndGlobalSection
	GlobalSection(SolutionProperties) = preSolution
		HideSolutionNode = FALSE
	EndGlobalSection
EndGlobal
