
Microsoft Visual Studio Solution File, Format Version 12.00
# Visual Studio Version 16
VisualStudioVersion = 16.0.29123.89
MinimumVisualStudioVersion = 10.0.40219.1
Project("{FAE04EC0-301F-11D3-BF4B-00C04F79EFBC}") = "DataContextSample", "DataContextSample\DataContextSample.csproj", "{BCFE0048-4785-4742-B64D-55C2A60F818C}"
EndProject
Global
	GlobalSection(SolutionConfigurationPlatforms) = preSolution
		Debug|Any CPU = Debug|Any CPU
		Release|Any CPU = Release|Any CPU
	EndGlobalSection
	GlobalSection(ProjectConfigurationPlatforms) = postSolution
		{BCFE0048-4785-4742-B64D-55C2A60F818C}.Debug|Any CPU.ActiveCfg = Debug|Any CPU
		{BCFE0048-4785-4742-B64D-55C2A60F818C}.Debug|Any CPU.Build.0 = Debug|Any CPU
		{BCFE0048-4785-4742-B64D-55C2A60F818C}.Release|Any CPU.ActiveCfg = Release|Any CPU
		{BCFE0048-4785-4742-B64D-55C2A60F818C}.Release|Any CPU.Build.0 = Release|Any CPU
	EndGlobalSection
	GlobalSection(SolutionProperties) = preSolution
		HideSolutionNode = FALSE
	EndGlobalSection
	GlobalSection(ExtensibilityGlobals) = postSolution
		SolutionGuid = {4F8E0D5F-A3AF-48F3-A662-D32BBDFEF2B9}
	EndGlobalSection
EndGlobal
