
Microsoft Visual Studio Solution File, Format Version 9.00
# Visual Studio 2005
Project("{FAE04EC0-301F-11D3-BF4B-00C04F79EFBC}") = "BarGraph", "BarGraph\BarGraph.csproj", "{CD736DDF-EFB1-4A4D-BF11-CAE483F4D889}"
EndProject
Global
	GlobalSection(SolutionConfigurationPlatforms) = preSolution
		Debug|Any CPU = Debug|Any CPU
		Release|Any CPU = Release|Any CPU
	EndGlobalSection
	GlobalSection(ProjectConfigurationPlatforms) = postSolution
		{CD736DDF-EFB1-4A4D-BF11-CAE483F4D889}.Debug|Any CPU.ActiveCfg = Debug|Any CPU
		{CD736DDF-EFB1-4A4D-BF11-CAE483F4D889}.Debug|Any CPU.Build.0 = Debug|Any CPU
		{CD736DDF-EFB1-4A4D-BF11-CAE483F4D889}.Release|Any CPU.ActiveCfg = Release|Any CPU
		{CD736DDF-EFB1-4A4D-BF11-CAE483F4D889}.Release|Any CPU.Build.0 = Release|Any CPU
	EndGlobalSection
	GlobalSection(SolutionProperties) = preSolution
		HideSolutionNode = FALSE
	EndGlobalSection
EndGlobal
