
Microsoft Visual Studio Solution File, Format Version 9.00
# Visual Studio 2005
Project("{FAE04EC0-301F-11D3-BF4B-00C04F79EFBC}") = "ChangePanelItemsControl", "ChangePanelItemsControl\ChangePanelItemsControl.csproj", "{37C8B491-D27E-4BBD-A414-8BD2251B516E}"
EndProject
Global
	GlobalSection(SolutionConfigurationPlatforms) = preSolution
		Debug|Any CPU = Debug|Any CPU
		Release|Any CPU = Release|Any CPU
	EndGlobalSection
	GlobalSection(ProjectConfigurationPlatforms) = postSolution
		{37C8B491-D27E-4BBD-A414-8BD2251B516E}.Debug|Any CPU.ActiveCfg = Debug|Any CPU
		{37C8B491-D27E-4BBD-A414-8BD2251B516E}.Debug|Any CPU.Build.0 = Debug|Any CPU
		{37C8B491-D27E-4BBD-A414-8BD2251B516E}.Release|Any CPU.ActiveCfg = Release|Any CPU
		{37C8B491-D27E-4BBD-A414-8BD2251B516E}.Release|Any CPU.Build.0 = Release|Any CPU
	EndGlobalSection
	GlobalSection(SolutionProperties) = preSolution
		HideSolutionNode = FALSE
	EndGlobalSection
EndGlobal
