
Microsoft Visual Studio Solution File, Format Version 9.00
# Visual Studio 2005
Project("{FAE04EC0-301F-11D3-BF4B-00C04F79EFBC}") = "MasterDetailThreeLevelsXml", "MasterDetailThreeLevelsXml.csproj", "{34F93960-CA3E-420C-81F2-24B280F2B4D3}"
EndProject
Global
	GlobalSection(SolutionConfigurationPlatforms) = preSolution
		Debug|Any CPU = Debug|Any CPU
		Release|Any CPU = Release|Any CPU
	EndGlobalSection
	GlobalSection(ProjectConfigurationPlatforms) = postSolution
		{34F93960-CA3E-420C-81F2-24B280F2B4D3}.Debug|Any CPU.ActiveCfg = Debug|Any CPU
		{34F93960-CA3E-420C-81F2-24B280F2B4D3}.Debug|Any CPU.Build.0 = Debug|Any CPU
		{34F93960-CA3E-420C-81F2-24B280F2B4D3}.Release|Any CPU.ActiveCfg = Release|Any CPU
		{34F93960-CA3E-420C-81F2-24B280F2B4D3}.Release|Any CPU.Build.0 = Release|Any CPU
	EndGlobalSection
	GlobalSection(SolutionProperties) = preSolution
		HideSolutionNode = FALSE
	EndGlobalSection
EndGlobal
