
Microsoft Visual Studio Solution File, Format Version 10.00
# Visual Studio 2008
Project("{FAE04EC0-301F-11D3-BF4B-00C04F79EFBC}") = "GetListBoxItem", "GetListBoxItem\GetListBoxItem.csproj", "{37B38724-4E2D-4B7A-A831-B24C13629E28}"
EndProject
Global
	GlobalSection(SolutionConfigurationPlatforms) = preSolution
		Debug|Any CPU = Debug|Any CPU
		Release|Any CPU = Release|Any CPU
	EndGlobalSection
	GlobalSection(ProjectConfigurationPlatforms) = postSolution
		{37B38724-4E2D-4B7A-A831-B24C13629E28}.Debug|Any CPU.ActiveCfg = Debug|Any CPU
		{37B38724-4E2D-4B7A-A831-B24C13629E28}.Debug|Any CPU.Build.0 = Debug|Any CPU
		{37B38724-4E2D-4B7A-A831-B24C13629E28}.Release|Any CPU.ActiveCfg = Release|Any CPU
		{37B38724-4E2D-4B7A-A831-B24C13629E28}.Release|Any CPU.Build.0 = Release|Any CPU
	EndGlobalSection
	GlobalSection(SolutionProperties) = preSolution
		HideSolutionNode = FALSE
	EndGlobalSection
EndGlobal
