
Microsoft Visual Studio Solution File, Format Version 10.00
# Visual Studio 2008
Project("{FAE04EC0-301F-11D3-BF4B-00C04F79EFBC}") = "WPFCollectionViewSource", "WPFCollectionViewSource\WPFCollectionViewSource.csproj", "{F2FE2F10-9EFA-49A9-9242-84DE002FE053}"
EndProject
Global
	GlobalSection(SolutionConfigurationPlatforms) = preSolution
		Debug|Any CPU = Debug|Any CPU
		Release|Any CPU = Release|Any CPU
	EndGlobalSection
	GlobalSection(ProjectConfigurationPlatforms) = postSolution
		{F2FE2F10-9EFA-49A9-9242-84DE002FE053}.Debug|Any CPU.ActiveCfg = Debug|Any CPU
		{F2FE2F10-9EFA-49A9-9242-84DE002FE053}.Debug|Any CPU.Build.0 = Debug|Any CPU
		{F2FE2F10-9EFA-49A9-9242-84DE002FE053}.Release|Any CPU.ActiveCfg = Release|Any CPU
		{F2FE2F10-9EFA-49A9-9242-84DE002FE053}.Release|Any CPU.Build.0 = Release|Any CPU
	EndGlobalSection
	GlobalSection(SolutionProperties) = preSolution
		HideSolutionNode = FALSE
	EndGlobalSection
EndGlobal
